
Microsoft Visual Studio Solution File, Format Version 12.00
# Visual Studio Version 17
VisualStudioVersion = 17.2.32519.379
MinimumVisualStudioVersion = 10.0.40219.1
Project("{FAE04EC0-301F-11D3-BF4B-00C04F79EFBC}") = "USAble_proj", "USAble_proj\USAble_proj.csproj", "{725C430A-8EC6-466D-AB86-FE778D4799C6}"
EndProject
Global
	GlobalSection(SolutionConfigurationPlatforms) = preSolution
		Debug|Any CPU = Debug|Any CPU
		Release|Any CPU = Release|Any CPU
	EndGlobalSection
	GlobalSection(ProjectConfigurationPlatforms) = postSolution
		{725C430A-8EC6-466D-AB86-FE778D4799C6}.Debug|Any CPU.ActiveCfg = Debug|Any CPU
		{725C430A-8EC6-466D-AB86-FE778D4799C6}.Debug|Any CPU.Build.0 = Debug|Any CPU
		{725C430A-8EC6-466D-AB86-FE778D4799C6}.Release|Any CPU.ActiveCfg = Release|Any CPU
		{725C430A-8EC6-466D-AB86-FE778D4799C6}.Release|Any CPU.Build.0 = Release|Any CPU
	EndGlobalSection
	GlobalSection(SolutionProperties) = preSolution
		HideSolutionNode = FALSE
	EndGlobalSection
	GlobalSection(ExtensibilityGlobals) = postSolution
		SolutionGuid = {332A3155-ACCA-453F-80CF-774DB00AEF4E}
	EndGlobalSection
EndGlobal
